// !$*UTF8*$!
{
	archiveVersion = 1;
	classes = {
	};
	objectVersion = 50;
	objects = {

/* Begin PBXBuildFile section */
		598182C3263FF63900C55C2F /* AppDelegate.swift in Sources */ = {isa = PBXBuildFile; fileRef = 598182C2263FF63900C55C2F /* AppDelegate.swift */; };
		598182C5263FF63900C55C2F /* SceneDelegate.swift in Sources */ = {isa = PBXBuildFile; fileRef = 598182C4263FF63900C55C2F /* SceneDelegate.swift */; };
		598182C7263FF63900C55C2F /* ViewController.swift in Sources */ = {isa = PBXBuildFile; fileRef = 598182C6263FF63900C55C2F /* ViewController.swift */; };
		598182CA263FF63900C55C2F /* Main.storyboard in Resources */ = {isa = PBXBuildFile; fileRef = 598182C8263FF63900C55C2F /* Main.storyboard */; };
		598182CC263FF63B00C55C2F /* Assets.xcassets in Resources */ = {isa = PBXBuildFile; fileRef = 598182CB263FF63B00C55C2F /* Assets.xcassets */; };
		598182CF263FF63B00C55C2F /* LaunchScreen.storyboard in Resources */ = {isa = PBXBuildFile; fileRef = 598182CD263FF63B00C55C2F /* LaunchScreen.storyboard */; };
		598182D7263FF79000C55C2F /* Movie.swift in Sources */ = {isa = PBXBuildFile; fileRef = 598182D6263FF79000C55C2F /* Movie.swift */; };
		598182D9263FF79F00C55C2F /* Movies.swift in Sources */ = {isa = PBXBuildFile; fileRef = 598182D8263FF79F00C55C2F /* Movies.swift */; };
		598182DB263FF9F000C55C2F /* MovieCell.swift in Sources */ = {isa = PBXBuildFile; fileRef = 598182DA263FF9F000C55C2F /* MovieCell.swift */; };
		598182DD26400BBB00C55C2F /* DetailViewController.swift in Sources */ = {isa = PBXBuildFile; fileRef = 598182DC26400BBB00C55C2F /* DetailViewController.swift */; };
/* End PBXBuildFile section */

/* Begin PBXFileReference section */
		598182BF263FF63900C55C2F /* MovieDBCollectionView.app */ = {isa = PBXFileReference; explicitFileType = wrapper.application; includeInIndex = 0; path = MovieDBCollectionView.app; sourceTree = BUILT_PRODUCTS_DIR; };
		598182C2263FF63900C55C2F /* AppDelegate.swift */ = {isa = PBXFileReference; lastKnownFileType = sourcecode.swift; path = AppDelegate.swift; sourceTree = "<group>"; };
		598182C4263FF63900C55C2F /* SceneDelegate.swift */ = {isa = PBXFileReference; lastKnownFileType = sourcecode.swift; path = SceneDelegate.swift; sourceTree = "<group>"; };
		598182C6263FF63900C55C2F /* ViewController.swift */ = {isa = PBXFileReference; lastKnownFileType = sourcecode.swift; path = ViewController.swift; sourceTree = "<group>"; };
		598182C9263FF63900C55C2F /* Base */ = {isa = PBXFileReference; lastKnownFileType = file.storyboard; name = Base; path = Base.lproj/Main.storyboard; sourceTree = "<group>"; };
		598182CB263FF63B00C55C2F /* Assets.xcassets */ = {isa = PBXFileReference; lastKnownFileType = folder.assetcatalog; path = Assets.xcassets; sourceTree = "<group>"; };
		598182CE263FF63B00C55C2F /* Base */ = {isa = PBXFileReference; lastKnownFileType = file.storyboard; name = Base; path = Base.lproj/LaunchScreen.storyboard; sourceTree = "<group>"; };
		598182D0263FF63B00C55C2F /* Info.plist */ = {isa = PBXFileReference; lastKnownFileType = text.plist.xml; path = Info.plist; sourceTree = "<group>"; };
		598182D6263FF79000C55C2F /* Movie.swift */ = {isa = PBXFileReference; lastKnownFileType = sourcecode.swift; path = Movie.swift; sourceTree = "<group>"; };
		598182D8263FF79F00C55C2F /* Movies.swift */ = {isa = PBXFileReference; lastKnownFileType = sourcecode.swift; path = Movies.swift; sourceTree = "<group>"; };
		598182DA263FF9F000C55C2F /* MovieCell.swift */ = {isa = PBXFileReference; lastKnownFileType = sourcecode.swift; path = MovieCell.swift; sourceTree = "<group>"; };
		598182DC26400BBB00C55C2F /* DetailViewController.swift */ = {isa = PBXFileReference; lastKnownFileType = sourcecode.swift; path = DetailViewController.swift; sourceTree = "<group>"; };
/* End PBXFileReference section */

/* Begin PBXFrameworksBuildPhase section */
		598182BC263FF63900C55C2F /* Frameworks */ = {
			isa = PBXFrameworksBuildPhase;
			buildActionMask = 2147483647;
			files = (
			);
			runOnlyForDeploymentPostprocessing = 0;
		};
/* End PBXFrameworksBuildPhase section */

/* Begin PBXGroup section */
		598182B6263FF63900C55C2F = {
			isa = PBXGroup;
			children = (
				598182C1263FF63900C55C2F /* MovieDBCollectionView */,
				598182C0263FF63900C55C2F /* Products */,
			);
			sourceTree = "<group>";
		};
		598182C0263FF63900C55C2F /* Products */ = {
			isa = PBXGroup;
			children = (
				598182BF263FF63900C55C2F /* MovieDBCollectionView.app */,
			);
			name = Products;
			sourceTree = "<group>";
		};
		598182C1263FF63900C55C2F /* MovieDBCollectionView */ = {
			isa = PBXGroup;
			children = (
				598182C2263FF63900C55C2F /* AppDelegate.swift */,
				598182C4263FF63900C55C2F /* SceneDelegate.swift */,
				598182C6263FF63900C55C2F /* ViewController.swift */,
				598182DA263FF9F000C55C2F /* MovieCell.swift */,
				598182C8263FF63900C55C2F /* Main.storyboard */,
				598182DC26400BBB00C55C2F /* DetailViewController.swift */,
				598182D6263FF79000C55C2F /* Movie.swift */,
				598182D8263FF79F00C55C2F /* Movies.swift */,
				598182CB263FF63B00C55C2F /* Assets.xcassets */,
				598182CD263FF63B00C55C2F /* LaunchScreen.storyboard */,
				598182D0263FF63B00C55C2F /* Info.plist */,
			);
			path = MovieDBCollectionView;
			sourceTree = "<group>";
		};
/* End PBXGroup section */

/* Begin PBXNativeTarget section */
		598182BE263FF63900C55C2F /* MovieDBCollectionView */ = {
			isa = PBXNativeTarget;
			buildConfigurationList = 598182D3263FF63B00C55C2F /* Build configuration list for PBXNativeTarget "MovieDBCollectionView" */;
			buildPhases = (
				598182BB263FF63900C55C2F /* Sources */,
				598182BC263FF63900C55C2F /* Frameworks */,
				598182BD263FF63900C55C2F /* Resources */,
			);
			buildRules = (
			);
			dependencies = (
			);
			name = MovieDBCollectionView;
			productName = MovieDBCollectionView;
			productReference = 598182BF263FF63900C55C2F /* MovieDBCollectionView.app */;
			productType = "com.apple.product-type.application";
		};
/* End PBXNativeTarget section */

/* Begin PBXProject section */
		598182B7263FF63900C55C2F /* Project object */ = {
			isa = PBXProject;
			attributes = {
				LastSwiftUpdateCheck = 1250;
				LastUpgradeCheck = 1250;
				TargetAttributes = {
					598182BE263FF63900C55C2F = {
						CreatedOnToolsVersion = 12.5;
					};
				};
			};
			buildConfigurationList = 598182BA263FF63900C55C2F /* Build configuration list for PBXProject "MovieDBCollectionView" */;
			compatibilityVersion = "Xcode 9.3";
			developmentRegion = en;
			hasScannedForEncodings = 0;
			knownRegions = (
				en,
				Base,
			);
			mainGroup = 598182B6263FF63900C55C2F;
			productRefGroup = 598182C0263FF63900C55C2F /* Products */;
			projectDirPath = "";
			projectRoot = "";
			targets = (
				598182BE263FF63900C55C2F /* MovieDBCollectionView */,
			);
		};
/* End PBXProject section */

/* Begin PBXResourcesBuildPhase section */
		598182BD263FF63900C55C2F /* Resources */ = {
			isa = PBXResourcesBuildPhase;
			buildActionMask = 2147483647;
			files = (
				598182CF263FF63B00C55C2F /* LaunchScreen.storyboard in Resources */,
				598182CC263FF63B00C55C2F /* Assets.xcassets in Resources */,
				598182CA263FF63900C55C2F /* Main.storyboard in Resources */,
			);
			runOnlyForDeploymentPostprocessing = 0;
		};
/* End PBXResourcesBuildPhase section */

/* Begin PBXSourcesBuildPhase section */
		598182BB263FF63900C55C2F /* Sources */ = {
			isa = PBXSourcesBuildPhase;
			buildActionMask = 2147483647;
			files = (
				598182D9263FF79F00C55C2F /* Movies.swift in Sources */,
				598182C7263FF63900C55C2F /* ViewController.swift in Sources */,
				598182DB263FF9F000C55C2F /* MovieCell.swift in Sources */,
				598182C3263FF63900C55C2F /* AppDelegate.swift in Sources */,
				598182D7263FF79000C55C2F /* Movie.swift in Sources */,
				598182C5263FF63900C55C2F /* SceneDelegate.swift in Sources */,
				598182DD26400BBB00C55C2F /* DetailViewController.swift in Sources */,
			);
			runOnlyForDeploymentPostprocessing = 0;
		};
/* End PBXSourcesBuildPhase section */

/* Begin PBXVariantGroup section */
		598182C8263FF63900C55C2F /* Main.storyboard */ = {
			isa = PBXVariantGroup;
			children = (
				598182C9263FF63900C55C2F /* Base */,
			);
			name = Main.storyboard;
			sourceTree = "<group>";
		};
		598182CD263FF63B00C55C2F /* LaunchScreen.storyboard */ = {
			isa = PBXVariantGroup;
			children = (
				598182CE263FF63B00C55C2F /* Base */,
			);
			name = LaunchScreen.storyboard;
			sourceTree = "<group>";
		};
/* End PBXVariantGroup section */

/* Begin XCBuildConfiguration section */
		598182D1263FF63B00C55C2F /* Debug */ = {
			isa = XCBuildConfiguration;
			buildSettings = {
				ALWAYS_SEARCH_USER_PATHS = NO;
				CLANG_ANALYZER_NONNULL = YES;
				CLANG_ANALYZER_NUMBER_OBJECT_CONVERSION = YES_AGGRESSIVE;
				CLANG_CXX_LANGUAGE_STANDARD = "gnu++14";
				CLANG_CXX_LIBRARY = "libc++";
				CLANG_ENABLE_MODULES = YES;
				CLANG_ENABLE_OBJC_ARC = YES;
				CLANG_ENABLE_OBJC_WEAK = YES;
				CLANG_WARN_BLOCK_CAPTURE_AUTORELEASING = YES;
				CLANG_WARN_BOOL_CONVERSION = YES;
				CLANG_WARN_COMMA = YES;
				CLANG_WARN_CONSTANT_CONVERSION = YES;
				CLANG_WARN_DEPRECATED_OBJC_IMPLEMENTATIONS = YES;
				CLANG_WARN_DIRECT_OBJC_ISA_USAGE = YES_ERROR;
				CLANG_WARN_DOCUMENTATION_COMMENTS = YES;
				CLANG_WARN_EMPTY_BODY = YES;
				CLANG_WARN_ENUM_CONVERSION = YES;
				CLANG_WARN_INFINITE_RECURSION = YES;
				CLANG_WARN_INT_CONVERSION = YES;
				CLANG_WARN_NON_LITERAL_NULL_CONVERSION = YES;
				CLANG_WARN_OBJC_IMPLICIT_RETAIN_SELF = YES;
				CLANG_WARN_OBJC_LITERAL_CONVERSION = YES;
				CLANG_WARN_OBJC_ROOT_CLASS = YES_ERROR;
				CLANG_WARN_QUOTED_INCLUDE_IN_FRAMEWORK_HEADER = YES;
				CLANG_WARN_RANGE_LOOP_ANALYSIS = YES;
				CLANG_WARN_STRICT_PROTOTYPES = YES;
				CLANG_WARN_SUSPICIOUS_MOVE = YES;
				CLANG_WARN_UNGUARDED_AVAILABILITY = YES_AGGRESSIVE;
				CLANG_WARN_UNREACHABLE_CODE = YES;
				CLANG_WARN__DUPLICATE_METHOD_MATCH = YES;
				COPY_PHASE_STRIP = NO;
				DEBUG_INFORMATION_FORMAT = dwarf;
				ENABLE_STRICT_OBJC_MSGSEND = YES;
				ENABLE_TESTABILITY = YES;
				GCC_C_LANGUAGE_STANDARD = gnu11;
				GCC_DYNAMIC_NO_PIC = NO;
				GCC_NO_COMMON_BLOCKS = YES;
				GCC_OPTIMIZATION_LEVEL = 0;
				GCC_PREPROCESSOR_DEFINITIONS = (
					"DEBUG=1",
					"$(inherited)",
				);
				GCC_WARN_64_TO_32_BIT_CONVERSION = YES;
				GCC_WARN_ABOUT_RETURN_TYPE = YES_ERROR;
				GCC_WARN_UNDECLARED_SELECTOR = YES;
				GCC_WARN_UNINITIALIZED_AUTOS = YES_AGGRESSIVE;
				GCC_WARN_UNUSED_FUNCTION = YES;
				GCC_WARN_UNUSED_VARIABLE = YES;
				IPHONEOS_DEPLOYMENT_TARGET = 14.5;
				MTL_ENABLE_DEBUG_INFO = INCLUDE_SOURCE;
				MTL_FAST_MATH = YES;
				ONLY_ACTIVE_ARCH = YES;
				SDKROOT = iphoneos;
				SWIFT_ACTIVE_COMPILATION_CONDITIONS = DEBUG;
				SWIFT_OPTIMIZATION_LEVEL = "-Onone";
			};
			name = Debug;
		};
		598182D2263FF63B00C55C2F /* Release */ = {
			isa = XCBuildConfiguration;
			buildSettings = {
				ALWAYS_SEARCH_USER_PATHS = NO;
				CLANG_ANALYZER_NONNULL = YES;
				CLANG_ANALYZER_NUMBER_OBJECT_CONVERSION = YES_AGGRESSIVE;
				CLANG_CXX_LANGUAGE_STANDARD = "gnu++14";
				CLANG_CXX_LIBRARY = "libc++";
				CLANG_ENABLE_MODULES = YES;
				CLANG_ENABLE_OBJC_ARC = YES;
				CLANG_ENABLE_OBJC_WEAK = YES;
				CLANG_WARN_BLOCK_CAPTURE_AUTORELEASING = YES;
				CLANG_WARN_BOOL_CONVERSION = YES;
				CLANG_WARN_COMMA = YES;
				CLANG_WARN_CONSTANT_CONVERSION = YES;
				CLANG_WARN_DEPRECATED_OBJC_IMPLEMENTATIONS = YES;
				CLANG_WARN_DIRECT_OBJC_ISA_USAGE = YES_ERROR;
				CLANG_WARN_DOCUMENTATION_COMMENTS = YES;
				CLANG_WARN_EMPTY_BODY = YES;
				CLANG_WARN_ENUM_CONVERSION = YES;
				CLANG_WARN_INFINITE_RECURSION = YES;
				CLANG_WARN_INT_CONVERSION = YES;
				CLANG_WARN_NON_LITERAL_NULL_CONVERSION = YES;
				CLANG_WARN_OBJC_IMPLICIT_RETAIN_SELF = YES;
				CLANG_WARN_OBJC_LITERAL_CONVERSION = YES;
				CLANG_WARN_OBJC_ROOT_CLASS = YES_ERROR;
				CLANG_WARN_QUOTED_INCLUDE_IN_FRAMEWORK_HEADER = YES;
				CLANG_WARN_RANGE_LOOP_ANALYSIS = YES;
				CLANG_WARN_STRICT_PROTOTYPES = YES;
				CLANG_WARN_SUSPICIOUS_MOVE = YES;
				CLANG_WARN_UNGUARDED_AVAILABILITY = YES_AGGRESSIVE;
				CLANG_WARN_UNREACHABLE_CODE = YES;
				CLANG_WARN__DUPLICATE_METHOD_MATCH = YES;
				COPY_PHASE_STRIP = NO;
				DEBUG_INFORMATION_FORMAT = "dwarf-with-dsym";
				ENABLE_NS_ASSERTIONS = NO;
				ENABLE_STRICT_OBJC_MSGSEND = YES;
				GCC_C_LANGUAGE_STANDARD = gnu11;
				GCC_NO_COMMON_BLOCKS = YES;
				GCC_WARN_64_TO_32_BIT_CONVERSION = YES;
				GCC_WARN_ABOUT_RETURN_TYPE = YES_ERROR;
				GCC_WARN_UNDECLARED_SELECTOR = YES;
				GCC_WARN_UNINITIALIZED_AUTOS = YES_AGGRESSIVE;
				GCC_WARN_UNUSED_FUNCTION = YES;
				GCC_WARN_UNUSED_VARIABLE = YES;
				IPHONEOS_DEPLOYMENT_TARGET = 14.5;
				MTL_ENABLE_DEBUG_INFO = NO;
				MTL_FAST_MATH = YES;
				SDKROOT = iphoneos;
				SWIFT_COMPILATION_MODE = wholemodule;
				SWIFT_OPTIMIZATION_LEVEL = "-O";
				VALIDATE_PRODUCT = YES;
			};
			name = Release;
		};
		598182D4263FF63B00C55C2F /* Debug */ = {
			isa = XCBuildConfiguration;
			buildSettings = {
				ASSETCATALOG_COMPILER_APPICON_NAME = AppIcon;
				ASSETCATALOG_COMPILER_GLOBAL_ACCENT_COLOR_NAME = AccentColor;
				CODE_SIGN_STYLE = Automatic;
				INFOPLIST_FILE = MovieDBCollectionView/Info.plist;
				LD_RUNPATH_SEARCH_PATHS = (
					"$(inherited)",
					"@executable_path/Frameworks",
				);
				PRODUCT_BUNDLE_IDENTIFIER = com.istemihancelik.MovieDBCollectionView;
				PRODUCT_NAME = "$(TARGET_NAME)";
				SWIFT_VERSION = 5.0;
				TARGETED_DEVICE_FAMILY = 1;
			};
			name = Debug;
		};
		598182D5263FF63B00C55C2F /* Release */ = {
			isa = XCBuildConfiguration;
			buildSettings = {
				ASSETCATALOG_COMPILER_APPICON_NAME = AppIcon;
				ASSETCATALOG_COMPILER_GLOBAL_ACCENT_COLOR_NAME = AccentColor;
				CODE_SIGN_STYLE = Automatic;
				INFOPLIST_FILE = MovieDBCollectionView/Info.plist;
				LD_RUNPATH_SEARCH_PATHS = (
					"$(inherited)",
					"@executable_path/Frameworks",
				);
				PRODUCT_BUNDLE_IDENTIFIER = com.istemihancelik.MovieDBCollectionView;
				PRODUCT_NAME = "$(TARGET_NAME)";
				SWIFT_VERSION = 5.0;
				TARGETED_DEVICE_FAMILY = 1;
			};
			name = Release;
		};
/* End XCBuildConfiguration section */

/* Begin XCConfigurationList section */
		598182BA263FF63900C55C2F /* Build configuration list for PBXProject "MovieDBCollectionView" */ = {
			isa = XCConfigurationList;
			buildConfigurations = (
				598182D1263FF63B00C55C2F /* Debug */,
				598182D2263FF63B00C55C2F /* Release */,
			);
			defaultConfigurationIsVisible = 0;
			defaultConfigurationName = Release;
		};
		598182D3263FF63B00C55C2F /* Build configuration list for PBXNativeTarget "MovieDBCollectionView" */ = {
			isa = XCConfigurationList;
			buildConfigurations = (
				598182D4263FF63B00C55C2F /* Debug */,
				598182D5263FF63B00C55C2F /* Release */,
			);
			defaultConfigurationIsVisible = 0;
			defaultConfigurationName = Release;
		};
/* End XCConfigurationList section */
	};
	rootObject = 598182B7263FF63900C55C2F /* Project object */;
}
